
Microsoft Visual Studio Solution File, Format Version 12.00
# Visual Studio Version 17
VisualStudioVersion = 17.8.34322.80
MinimumVisualStudioVersion = 10.0.40219.1
Project("{FAE04EC0-301F-11D3-BF4B-00C04F79EFBC}") = "PomodoroApp", "PomodoroApp\PomodoroApp.csproj", "{848EDD5E-C489-49D3-91A5-C963114D73BA}"
EndProject
Global
	GlobalSection(SolutionConfigurationPlatforms) = preSolution
		Debug|Any CPU = Debug|Any CPU
		Release|Any CPU = Release|Any CPU
	EndGlobalSection
	GlobalSection(ProjectConfigurationPlatforms) = postSolution
		{848EDD5E-C489-49D3-91A5-C963114D73BA}.Debug|Any CPU.ActiveCfg = Debug|Any CPU
		{848EDD5E-C489-49D3-91A5-C963114D73BA}.Debug|Any CPU.Build.0 = Debug|Any CPU
		{848EDD5E-C489-49D3-91A5-C963114D73BA}.Release|Any CPU.ActiveCfg = Release|Any CPU
		{848EDD5E-C489-49D3-91A5-C963114D73BA}.Release|Any CPU.Build.0 = Release|Any CPU
	EndGlobalSection
	GlobalSection(SolutionProperties) = preSolution
		HideSolutionNode = FALSE
	EndGlobalSection
	GlobalSection(ExtensibilityGlobals) = postSolution
		SolutionGuid = {49F340EF-1225-4AFA-A17B-358E244949BF}
	EndGlobalSection
EndGlobal
